
Microsoft Visual Studio Solution File, Format Version 12.00
# Visual Studio 15
VisualStudioVersion = 15.0.28307.1000
MinimumVisualStudioVersion = 10.0.40219.1
Project("{FAE04EC0-301F-11D3-BF4B-00C04F79EFBC}") = "WebApplication2", "WebApplication2\WebApplication2.csproj", "{C721D686-99D6-4230-B721-0AEB74A48F02}"
EndProject
Project("{FAE04EC0-301F-11D3-BF4B-00C04F79EFBC}") = "WebApplication2.DAL", "WebApplication2.DAL\WebApplication2.DAL.csproj", "{05E7724D-BE48-44B0-AD07-AE3221D81082}"
EndProject
Project("{FAE04EC0-301F-11D3-BF4B-00C04F79EFBC}") = "WebApplication2.BL", "WebApplication2.BL\WebApplication2.BL.csproj", "{B702B645-DD51-4F7E-B6CD-C511DA5BB23C}"
EndProject
Global
	GlobalSection(SolutionConfigurationPlatforms) = preSolution
		Debug|Any CPU = Debug|Any CPU
		Release|Any CPU = Release|Any CPU
	EndGlobalSection
	GlobalSection(ProjectConfigurationPlatforms) = postSolution
		{C721D686-99D6-4230-B721-0AEB74A48F02}.Debug|Any CPU.ActiveCfg = Debug|Any CPU
		{C721D686-99D6-4230-B721-0AEB74A48F02}.Debug|Any CPU.Build.0 = Debug|Any CPU
		{C721D686-99D6-4230-B721-0AEB74A48F02}.Release|Any CPU.ActiveCfg = Release|Any CPU
		{C721D686-99D6-4230-B721-0AEB74A48F02}.Release|Any CPU.Build.0 = Release|Any CPU
		{05E7724D-BE48-44B0-AD07-AE3221D81082}.Debug|Any CPU.ActiveCfg = Debug|Any CPU
		{05E7724D-BE48-44B0-AD07-AE3221D81082}.Debug|Any CPU.Build.0 = Debug|Any CPU
		{05E7724D-BE48-44B0-AD07-AE3221D81082}.Release|Any CPU.ActiveCfg = Release|Any CPU
		{05E7724D-BE48-44B0-AD07-AE3221D81082}.Release|Any CPU.Build.0 = Release|Any CPU
		{B702B645-DD51-4F7E-B6CD-C511DA5BB23C}.Debug|Any CPU.ActiveCfg = Debug|Any CPU
		{B702B645-DD51-4F7E-B6CD-C511DA5BB23C}.Debug|Any CPU.Build.0 = Debug|Any CPU
		{B702B645-DD51-4F7E-B6CD-C511DA5BB23C}.Release|Any CPU.ActiveCfg = Release|Any CPU
		{B702B645-DD51-4F7E-B6CD-C511DA5BB23C}.Release|Any CPU.Build.0 = Release|Any CPU
	EndGlobalSection
	GlobalSection(SolutionProperties) = preSolution
		HideSolutionNode = FALSE
	EndGlobalSection
	GlobalSection(ExtensibilityGlobals) = postSolution
		SolutionGuid = {88A6D280-628D-44DF-A0BB-74C0FA587A71}
	EndGlobalSection
EndGlobal
